// !$*UTF8*$!
{
	archiveVersion = 1;
	classes = {
	};
	objectVersion = 46;
	objects = {

/* Begin PBXBuildFile section */
		183AD2001BB17B6B009ABBBB /* main.m in Sources */ = {isa = PBXBuildFile; fileRef = 183AD1FF1BB17B6B009ABBBB /* main.m */; };
		183AD2031BB17B6B009ABBBB /* AppDelegate.m in Sources */ = {isa = PBXBuildFile; fileRef = 183AD2021BB17B6B009ABBBB /* AppDelegate.m */; };
		183AD2061BB17B6B009ABBBB /* ViewController.m in Sources */ = {isa = PBXBuildFile; fileRef = 183AD2051BB17B6B009ABBBB /* ViewController.m */; };
		183AD2091BB17B6B009ABBBB /* Main.storyboard in Resources */ = {isa = PBXBuildFile; fileRef = 183AD2071BB17B6B009ABBBB /* Main.storyboard */; };
		183AD20B1BB17B6B009ABBBB /* Images.xcassets in Resources */ = {isa = PBXBuildFile; fileRef = 183AD20A1BB17B6B009ABBBB /* Images.xcassets */; };
		183AD20E1BB17B6B009ABBBB /* LaunchScreen.xib in Resources */ = {isa = PBXBuildFile; fileRef = 183AD20C1BB17B6B009ABBBB /* LaunchScreen.xib */; };
		183AD21A1BB17B6B009ABBBB /* SHSIMTests.m in Sources */ = {isa = PBXBuildFile; fileRef = 183AD2191BB17B6B009ABBBB /* SHSIMTests.m */; };
/* End PBXBuildFile section */

/* Begin PBXContainerItemProxy section */
		183AD2141BB17B6B009ABBBB /* PBXContainerItemProxy */ = {
			isa = PBXContainerItemProxy;
			containerPortal = 183AD1F21BB17B6B009ABBBB /* Project object */;
			proxyType = 1;
			remoteGlobalIDString = 183AD1F91BB17B6B009ABBBB;
			remoteInfo = SHSIM;
		};
/* End PBXContainerItemProxy section */

/* Begin PBXFileReference section */
		183AD1FA1BB17B6B009ABBBB /* SHSIM.app */ = {isa = PBXFileReference; explicitFileType = wrapper.application; includeInIndex = 0; path = SHSIM.app; sourceTree = BUILT_PRODUCTS_DIR; };
		183AD1FE1BB17B6B009ABBBB /* Info.plist */ = {isa = PBXFileReference; lastKnownFileType = text.plist.xml; path = Info.plist; sourceTree = "<group>"; };
		183AD1FF1BB17B6B009ABBBB /* main.m */ = {isa = PBXFileReference; lastKnownFileType = sourcecode.c.objc; path = main.m; sourceTree = "<group>"; };
		183AD2011BB17B6B009ABBBB /* AppDelegate.h */ = {isa = PBXFileReference; lastKnownFileType = sourcecode.c.h; path = AppDelegate.h; sourceTree = "<group>"; };
		183AD2021BB17B6B009ABBBB /* AppDelegate.m */ = {isa = PBXFileReference; lastKnownFileType = sourcecode.c.objc; path = AppDelegate.m; sourceTree = "<group>"; };
		183AD2041BB17B6B009ABBBB /* ViewController.h */ = {isa = PBXFileReference; lastKnownFileType = sourcecode.c.h; path = ViewController.h; sourceTree = "<group>"; };
		183AD2051BB17B6B009ABBBB /* ViewController.m */ = {isa = PBXFileReference; lastKnownFileType = sourcecode.c.objc; path = ViewController.m; sourceTree = "<group>"; };
		183AD2081BB17B6B009ABBBB /* Base */ = {isa = PBXFileReference; lastKnownFileType = file.storyboard; name = Base; path = Base.lproj/Main.storyboard; sourceTree = "<group>"; };
		183AD20A1BB17B6B009ABBBB /* Images.xcassets */ = {isa = PBXFileReference; lastKnownFileType = folder.assetcatalog; path = Images.xcassets; sourceTree = "<group>"; };
		183AD20D1BB17B6B009ABBBB /* Base */ = {isa = PBXFileReference; lastKnownFileType = file.xib; name = Base; path = Base.lproj/LaunchScreen.xib; sourceTree = "<group>"; };
		183AD2131BB17B6B009ABBBB /* SHSIMTests.xctest */ = {isa = PBXFileReference; explicitFileType = wrapper.cfbundle; includeInIndex = 0; path = SHSIMTests.xctest; sourceTree = BUILT_PRODUCTS_DIR; };
		183AD2181BB17B6B009ABBBB /* Info.plist */ = {isa = PBXFileReference; lastKnownFileType = text.plist.xml; path = Info.plist; sourceTree = "<group>"; };
		183AD2191BB17B6B009ABBBB /* SHSIMTests.m */ = {isa = PBXFileReference; lastKnownFileType = sourcecode.c.objc; path = SHSIMTests.m; sourceTree = "<group>"; };
/* End PBXFileReference section */

/* Begin PBXFrameworksBuildPhase section */
		183AD1F71BB17B6B009ABBBB /* Frameworks */ = {
			isa = PBXFrameworksBuildPhase;
			buildActionMask = 2147483647;
			files = (
			);
			runOnlyForDeploymentPostprocessing = 0;
		};
		183AD2101BB17B6B009ABBBB /* Frameworks */ = {
			isa = PBXFrameworksBuildPhase;
			buildActionMask = 2147483647;
			files = (
			);
			runOnlyForDeploymentPostprocessing = 0;
		};
/* End PBXFrameworksBuildPhase section */

/* Begin PBXGroup section */
		183AD1F11BB17B6B009ABBBB = {
			isa = PBXGroup;
			children = (
				183AD1FC1BB17B6B009ABBBB /* SHSIM */,
				183AD2161BB17B6B009ABBBB /* SHSIMTests */,
				183AD1FB1BB17B6B009ABBBB /* Products */,
			);
			sourceTree = "<group>";
		};
		183AD1FB1BB17B6B009ABBBB /* Products */ = {
			isa = PBXGroup;
			children = (
				183AD1FA1BB17B6B009ABBBB /* SHSIM.app */,
				183AD2131BB17B6B009ABBBB /* SHSIMTests.xctest */,
			);
			name = Products;
			sourceTree = "<group>";
		};
		183AD1FC1BB17B6B009ABBBB /* SHSIM */ = {
			isa = PBXGroup;
			children = (
				183AD2011BB17B6B009ABBBB /* AppDelegate.h */,
				183AD2021BB17B6B009ABBBB /* AppDelegate.m */,
				183AD2041BB17B6B009ABBBB /* ViewController.h */,
				183AD2051BB17B6B009ABBBB /* ViewController.m */,
				183AD2071BB17B6B009ABBBB /* Main.storyboard */,
				183AD20A1BB17B6B009ABBBB /* Images.xcassets */,
				183AD20C1BB17B6B009ABBBB /* LaunchScreen.xib */,
				183AD1FD1BB17B6B009ABBBB /* Supporting Files */,
			);
			path = SHSIM;
			sourceTree = "<group>";
		};
		183AD1FD1BB17B6B009ABBBB /* Supporting Files */ = {
			isa = PBXGroup;
			children = (
				183AD1FE1BB17B6B009ABBBB /* Info.plist */,
				183AD1FF1BB17B6B009ABBBB /* main.m */,
			);
			name = "Supporting Files";
			sourceTree = "<group>";
		};
		183AD2161BB17B6B009ABBBB /* SHSIMTests */ = {
			isa = PBXGroup;
			children = (
				183AD2191BB17B6B009ABBBB /* SHSIMTests.m */,
				183AD2171BB17B6B009ABBBB /* Supporting Files */,
			);
			path = SHSIMTests;
			sourceTree = "<group>";
		};
		183AD2171BB17B6B009ABBBB /* Supporting Files */ = {
			isa = PBXGroup;
			children = (
				183AD2181BB17B6B009ABBBB /* Info.plist */,
			);
			name = "Supporting Files";
			sourceTree = "<group>";
		};
/* End PBXGroup section */

/* Begin PBXNativeTarget section */
		183AD1F91BB17B6B009ABBBB /* SHSIM */ = {
			isa = PBXNativeTarget;
			buildConfigurationList = 183AD21D1BB17B6B009ABBBB /* Build configuration list for PBXNativeTarget "SHSIM" */;
			buildPhases = (
				183AD1F61BB17B6B009ABBBB /* Sources */,
				183AD1F71BB17B6B009ABBBB /* Frameworks */,
				183AD1F81BB17B6B009ABBBB /* Resources */,
			);
			buildRules = (
			);
			dependencies = (
			);
			name = SHSIM;
			productName = SHSIM;
			productReference = 183AD1FA1BB17B6B009ABBBB /* SHSIM.app */;
			productType = "com.apple.product-type.application";
		};
		183AD2121BB17B6B009ABBBB /* SHSIMTests */ = {
			isa = PBXNativeTarget;
			buildConfigurationList = 183AD2201BB17B6B009ABBBB /* Build configuration list for PBXNativeTarget "SHSIMTests" */;
			buildPhases = (
				183AD20F1BB17B6B009ABBBB /* Sources */,
				183AD2101BB17B6B009ABBBB /* Frameworks */,
				183AD2111BB17B6B009ABBBB /* Resources */,
			);
			buildRules = (
			);
			dependencies = (
				183AD2151BB17B6B009ABBBB /* PBXTargetDependency */,
			);
			name = SHSIMTests;
			productName = SHSIMTests;
			productReference = 183AD2131BB17B6B009ABBBB /* SHSIMTests.xctest */;
			productType = "com.apple.product-type.bundle.unit-test";
		};
/* End PBXNativeTarget section */

/* Begin PBXProject section */
		183AD1F21BB17B6B009ABBBB /* Project object */ = {
			isa = PBXProject;
			attributes = {
				LastUpgradeCheck = 0620;
				ORGANIZATIONNAME = SHSDeveloper;
				TargetAttributes = {
					183AD1F91BB17B6B009ABBBB = {
						CreatedOnToolsVersion = 6.2;
					};
					183AD2121BB17B6B009ABBBB = {
						CreatedOnToolsVersion = 6.2;
						TestTargetID = 183AD1F91BB17B6B009ABBBB;
					};
				};
			};
			buildConfigurationList = 183AD1F51BB17B6B009ABBBB /* Build configuration list for PBXProject "SHSIM" */;
			compatibilityVersion = "Xcode 3.2";
			developmentRegion = English;
			hasScannedForEncodings = 0;
			knownRegions = (
				en,
				Base,
			);
			mainGroup = 183AD1F11BB17B6B009ABBBB;
			productRefGroup = 183AD1FB1BB17B6B009ABBBB /* Products */;
			projectDirPath = "";
			projectRoot = "";
			targets = (
				183AD1F91BB17B6B009ABBBB /* SHSIM */,
				183AD2121BB17B6B009ABBBB /* SHSIMTests */,
			);
		};
/* End PBXProject section */

/* Begin PBXResourcesBuildPhase section */
		183AD1F81BB17B6B009ABBBB /* Resources */ = {
			isa = PBXResourcesBuildPhase;
			buildActionMask = 2147483647;
			files = (
				183AD2091BB17B6B009ABBBB /* Main.storyboard in Resources */,
				183AD20E1BB17B6B009ABBBB /* LaunchScreen.xib in Resources */,
				183AD20B1BB17B6B009ABBBB /* Images.xcassets in Resources */,
			);
			runOnlyForDeploymentPostprocessing = 0;
		};
		183AD2111BB17B6B009ABBBB /* Resources */ = {
			isa = PBXResourcesBuildPhase;
			buildActionMask = 2147483647;
			files = (
			);
			runOnlyForDeploymentPostprocessing = 0;
		};
/* End PBXResourcesBuildPhase section */

/* Begin PBXSourcesBuildPhase section */
		183AD1F61BB17B6B009ABBBB /* Sources */ = {
			isa = PBXSourcesBuildPhase;
			buildActionMask = 2147483647;
			files = (
				183AD2061BB17B6B009ABBBB /* ViewController.m in Sources */,
				183AD2031BB17B6B009ABBBB /* AppDelegate.m in Sources */,
				183AD2001BB17B6B009ABBBB /* main.m in Sources */,
			);
			runOnlyForDeploymentPostprocessing = 0;
		};
		183AD20F1BB17B6B009ABBBB /* Sources */ = {
			isa = PBXSourcesBuildPhase;
			buildActionMask = 2147483647;
			files = (
				183AD21A1BB17B6B009ABBBB /* SHSIMTests.m in Sources */,
			);
			runOnlyForDeploymentPostprocessing = 0;
		};
/* End PBXSourcesBuildPhase section */

/* Begin PBXTargetDependency section */
		183AD2151BB17B6B009ABBBB /* PBXTargetDependency */ = {
			isa = PBXTargetDependency;
			target = 183AD1F91BB17B6B009ABBBB /* SHSIM */;
			targetProxy = 183AD2141BB17B6B009ABBBB /* PBXContainerItemProxy */;
		};
/* End PBXTargetDependency section */

/* Begin PBXVariantGroup section */
		183AD2071BB17B6B009ABBBB /* Main.storyboard */ = {
			isa = PBXVariantGroup;
			children = (
				183AD2081BB17B6B009ABBBB /* Base */,
			);
			name = Main.storyboard;
			sourceTree = "<group>";
		};
		183AD20C1BB17B6B009ABBBB /* LaunchScreen.xib */ = {
			isa = PBXVariantGroup;
			children = (
				183AD20D1BB17B6B009ABBBB /* Base */,
			);
			name = LaunchScreen.xib;
			sourceTree = "<group>";
		};
/* End PBXVariantGroup section */

/* Begin XCBuildConfiguration section */
		183AD21B1BB17B6B009ABBBB /* Debug */ = {
			isa = XCBuildConfiguration;
			buildSettings = {
				ALWAYS_SEARCH_USER_PATHS = NO;
				CLANG_CXX_LANGUAGE_STANDARD = "gnu++0x";
				CLANG_CXX_LIBRARY = "libc++";
				CLANG_ENABLE_MODULES = YES;
				CLANG_ENABLE_OBJC_ARC = YES;
				CLANG_WARN_BOOL_CONVERSION = YES;
				CLANG_WARN_CONSTANT_CONVERSION = YES;
				CLANG_WARN_DIRECT_OBJC_ISA_USAGE = YES_ERROR;
				CLANG_WARN_EMPTY_BODY = YES;
				CLANG_WARN_ENUM_CONVERSION = YES;
				CLANG_WARN_INT_CONVERSION = YES;
				CLANG_WARN_OBJC_ROOT_CLASS = YES_ERROR;
				CLANG_WARN_UNREACHABLE_CODE = YES;
				CLANG_WARN__DUPLICATE_METHOD_MATCH = YES;
				"CODE_SIGN_IDENTITY[sdk=iphoneos*]" = "iPhone Developer";
				COPY_PHASE_STRIP = NO;
				ENABLE_STRICT_OBJC_MSGSEND = YES;
				GCC_C_LANGUAGE_STANDARD = gnu99;
				GCC_DYNAMIC_NO_PIC = NO;
				GCC_OPTIMIZATION_LEVEL = 0;
				GCC_PREPROCESSOR_DEFINITIONS = (
					"DEBUG=1",
					"$(inherited)",
				);
				GCC_SYMBOLS_PRIVATE_EXTERN = NO;
				GCC_WARN_64_TO_32_BIT_CONVERSION = YES;
				GCC_WARN_ABOUT_RETURN_TYPE = YES_ERROR;
				GCC_WARN_UNDECLARED_SELECTOR = YES;
				GCC_WARN_UNINITIALIZED_AUTOS = YES_AGGRESSIVE;
				GCC_WARN_UNUSED_FUNCTION = YES;
				GCC_WARN_UNUSED_VARIABLE = YES;
				IPHONEOS_DEPLOYMENT_TARGET = 8.2;
				MTL_ENABLE_DEBUG_INFO = YES;
				ONLY_ACTIVE_ARCH = YES;
				SDKROOT = iphoneos;
				TARGETED_DEVICE_FAMILY = "1,2";
			};
			name = Debug;
		};
		183AD21C1BB17B6B009ABBBB /* Release */ = {
			isa = XCBuildConfiguration;
			buildSettings = {
				ALWAYS_SEARCH_USER_PATHS = NO;
				CLANG_CXX_LANGUAGE_STANDARD = "gnu++0x";
				CLANG_CXX_LIBRARY = "libc++";
				CLANG_ENABLE_MODULES = YES;
				CLANG_ENABLE_OBJC_ARC = YES;
				CLANG_WARN_BOOL_CONVERSION = YES;
				CLANG_WARN_CONSTANT_CONVERSION = YES;
				CLANG_WARN_DIRECT_OBJC_ISA_USAGE = YES_ERROR;
				CLANG_WARN_EMPTY_BODY = YES;
				CLANG_WARN_ENUM_CONVERSION = YES;
				CLANG_WARN_INT_CONVERSION = YES;
				CLANG_WARN_OBJC_ROOT_CLASS = YES_ERROR;
				CLANG_WARN_UNREACHABLE_CODE = YES;
				CLANG_WARN__DUPLICATE_METHOD_MATCH = YES;
				"CODE_SIGN_IDENTITY[sdk=iphoneos*]" = "iPhone Developer";
				COPY_PHASE_STRIP = NO;
				ENABLE_NS_ASSERTIONS = NO;
				ENABLE_STRICT_OBJC_MSGSEND = YES;
				GCC_C_LANGUAGE_STANDARD = gnu99;
				GCC_WARN_64_TO_32_BIT_CONVERSION = YES;
				GCC_WARN_ABOUT_RETURN_TYPE = YES_ERROR;
				GCC_WARN_UNDECLARED_SELECTOR = YES;
				GCC_WARN_UNINITIALIZED_AUTOS = YES_AGGRESSIVE;
				GCC_WARN_UNUSED_FUNCTION = YES;
				GCC_WARN_UNUSED_VARIABLE = YES;
				IPHONEOS_DEPLOYMENT_TARGET = 8.2;
				MTL_ENABLE_DEBUG_INFO = NO;
				SDKROOT = iphoneos;
				TARGETED_DEVICE_FAMILY = "1,2";
				VALIDATE_PRODUCT = YES;
			};
			name = Release;
		};
		183AD21E1BB17B6B009ABBBB /* Debug */ = {
			isa = XCBuildConfiguration;
			buildSettings = {
				ASSETCATALOG_COMPILER_APPICON_NAME = AppIcon;
				INFOPLIST_FILE = SHSIM/Info.plist;
				LD_RUNPATH_SEARCH_PATHS = "$(inherited) @executable_path/Frameworks";
				PRODUCT_NAME = "$(TARGET_NAME)";
			};
			name = Debug;
		};
		183AD21F1BB17B6B009ABBBB /* Release */ = {
			isa = XCBuildConfiguration;
			buildSettings = {
				ASSETCATALOG_COMPILER_APPICON_NAME = AppIcon;
				INFOPLIST_FILE = SHSIM/Info.plist;
				LD_RUNPATH_SEARCH_PATHS = "$(inherited) @executable_path/Frameworks";
				PRODUCT_NAME = "$(TARGET_NAME)";
			};
			name = Release;
		};
		183AD2211BB17B6B009ABBBB /* Debug */ = {
			isa = XCBuildConfiguration;
			buildSettings = {
				BUNDLE_LOADER = "$(TEST_HOST)";
				FRAMEWORK_SEARCH_PATHS = (
					"$(SDKROOT)/Developer/Library/Frameworks",
					"$(inherited)",
				);
				GCC_PREPROCESSOR_DEFINITIONS = (
					"DEBUG=1",
					"$(inherited)",
				);
				INFOPLIST_FILE = SHSIMTests/Info.plist;
				LD_RUNPATH_SEARCH_PATHS = "$(inherited) @executable_path/Frameworks @loader_path/Frameworks";
				PRODUCT_NAME = "$(TARGET_NAME)";
				TEST_HOST = "$(BUILT_PRODUCTS_DIR)/SHSIM.app/SHSIM";
			};
			name = Debug;
		};
		183AD2221BB17B6B009ABBBB /* Release */ = {
			isa = XCBuildConfiguration;
			buildSettings = {
				BUNDLE_LOADER = "$(TEST_HOST)";
				FRAMEWORK_SEARCH_PATHS = (
					"$(SDKROOT)/Developer/Library/Frameworks",
					"$(inherited)",
				);
				INFOPLIST_FILE = SHSIMTests/Info.plist;
				LD_RUNPATH_SEARCH_PATHS = "$(inherited) @executable_path/Frameworks @loader_path/Frameworks";
				PRODUCT_NAME = "$(TARGET_NAME)";
				TEST_HOST = "$(BUILT_PRODUCTS_DIR)/SHSIM.app/SHSIM";
			};
			name = Release;
		};
/* End XCBuildConfiguration section */

/* Begin XCConfigurationList section */
		183AD1F51BB17B6B009ABBBB /* Build configuration list for PBXProject "SHSIM" */ = {
			isa = XCConfigurationList;
			buildConfigurations = (
				183AD21B1BB17B6B009ABBBB /* Debug */,
				183AD21C1BB17B6B009ABBBB /* Release */,
			);
			defaultConfigurationIsVisible = 0;
			defaultConfigurationName = Release;
		};
		183AD21D1BB17B6B009ABBBB /* Build configuration list for PBXNativeTarget "SHSIM" */ = {
			isa = XCConfigurationList;
			buildConfigurations = (
				183AD21E1BB17B6B009ABBBB /* Debug */,
				183AD21F1BB17B6B009ABBBB /* Release */,
			);
			defaultConfigurationIsVisible = 0;
		};
		183AD2201BB17B6B009ABBBB /* Build configuration list for PBXNativeTarget "SHSIMTests" */ = {
			isa = XCConfigurationList;
			buildConfigurations = (
				183AD2211BB17B6B009ABBBB /* Debug */,
				183AD2221BB17B6B009ABBBB /* Release */,
			);
			defaultConfigurationIsVisible = 0;
		};
/* End XCConfigurationList section */
	};
	rootObject = 183AD1F21BB17B6B009ABBBB /* Project object */;
}
